
Microsoft Visual Studio Solution File, Format Version 12.00
# Visual Studio Version 16
VisualStudioVersion = 25.0.1700.6
MinimumVisualStudioVersion = 10.0.40219.1
Project("{FAE04EC0-301F-11D3-BF4B-00C04F79EFBC}") = "BlazorExampleApp", "BlazorExampleApp\BlazorExampleApp.csproj", "{24C3C147-B1F0-42C0-A688-B72EAECDD992}"
EndProject
Global
	GlobalSection(SolutionConfigurationPlatforms) = preSolution
		Debug|Any CPU = Debug|Any CPU
		Release|Any CPU = Release|Any CPU
	EndGlobalSection
	GlobalSection(ProjectConfigurationPlatforms) = postSolution
		{24C3C147-B1F0-42C0-A688-B72EAECDD992}.Debug|Any CPU.ActiveCfg = Debug|Any CPU
		{24C3C147-B1F0-42C0-A688-B72EAECDD992}.Debug|Any CPU.Build.0 = Debug|Any CPU
		{24C3C147-B1F0-42C0-A688-B72EAECDD992}.Release|Any CPU.ActiveCfg = Release|Any CPU
		{24C3C147-B1F0-42C0-A688-B72EAECDD992}.Release|Any CPU.Build.0 = Release|Any CPU
	EndGlobalSection
	GlobalSection(SolutionProperties) = preSolution
		HideSolutionNode = FALSE
	EndGlobalSection
	GlobalSection(ExtensibilityGlobals) = postSolution
		SolutionGuid = {6E4DC83E-3354-4002-B864-1DB26B1E2D81}
	EndGlobalSection
EndGlobal
